<?xml version="1.0" encoding="utf-8"?>
<Project ToolsVersion="4.0" xmlns="http://schemas.microsoft.com/developer/msbuild/2003">
  <ItemGroup>
    <Filter Include="Source Files">
      <UniqueIdentifier>{4FC737F1-C7A5-4376-A066-2A32D752A2FF}</UniqueIdentifier>
      <Extensions>cpp;c;cc;cxx;c++;cppm;ixx;def;odl;idl;hpj;bat;asm;asmx</Extensions>
    </Filter>
    <Filter Include="Header Files">
      <UniqueIdentifier>{93995380-89BD-4b04-88EB-625FBE52EBFB}</UniqueIdentifier>
      <Extensions>h;hh;hpp;hxx;h++;hm;inl;inc;ipp;xsd</Extensions>
    </Filter>
    <Filter Include="Resource Files">
      <UniqueIdentifier>{67DA6AB6-F800-4c08-8B7A-83BB121AAD01}</UniqueIdentifier>
      <Extensions>rc;ico;cur;bmp;dlg;rc2;rct;bin;rgs;gif;jpg;jpeg;jpe;resx;tiff;tif;png;wav;mfcribbon-ms</Extensions>
    </Filter>
  </ItemGroup>
  <ItemGroup>
    <ClCompile Include="main.cpp">
      <Filter>Source Files</Filter>
    </ClCompile>
    <ClCompile Include="game.cpp">
      <Filter>Source Files</Filter>
    </ClCompile>
    <ClCompile Include="menu.cpp">
      <Filter>Source Files</Filter>
    </ClCompile>
    <ClCompile Include="button.cpp">
      <Filter>Source Files</Filter>
    </ClCompile>
    <ClCompile Include="interface.cpp">
      <Filter>Source Files</Filter>
    </ClCompile>
    <ClCompile Include="utils.cpp">
      <Filter>Source Files</Filter>
    </ClCompile>
    <ClCompile Include="entity.cpp">
      <Filter>Source Files</Filter>
    </ClCompile>
    <ClCompile Include="collision.cpp">
      <Filter>Source Files</Filter>
    </ClCompile>
    <ClCompile Include="interact_obj.cpp">
      <Filter>Source Files</Filter>
    </ClCompile>
    <ClCompile Include="skill.cpp">
      <Filter>Source Files</Filter>
    </ClCompile>
    <ClCompile Include="test.cpp">
      <Filter>Source Files</Filter>
    </ClCompile>
    <ClCompile Include="player.cpp">
      <Filter>Source Files</Filter>
    </ClCompile>
    <ClCompile Include="EntityManager.cpp">
      <Filter>Source Files</Filter>
    </ClCompile>
    <ClCompile Include="computer.cpp">
      <Filter>Source Files</Filter>
    </ClCompile>
    <ClCompile Include="math.cpp">
      <Filter>Source Files</Filter>
    </ClCompile>
    <ClCompile Include="label.cpp">
      <Filter>Source Files</Filter>
    </ClCompile>
    <ClCompile Include="FPScontroller.cpp">
      <Filter>Source Files</Filter>
    </ClCompile>
    <ClCompile Include="FPSparameter.cpp">
      <Filter>Source Files</Filter>
    </ClCompile>
    <ClCompile Include="statsBar.cpp">
      <Filter>Source Files</Filter>
    </ClCompile>
    <ClCompile Include="protocol.cpp">
      <Filter>Source Files</Filter>
    </ClCompile>
    <ClCompile Include="aniamted_obj.cpp">
      <Filter>Source Files</Filter>
    </ClCompile>
    <ClCompile Include="animated_button.cpp">
      <Filter>Source Files</Filter>
    </ClCompile>
    <ClCompile Include="MapManager.cpp">
      <Filter>Source Files</Filter>
    </ClCompile>
    <ClCompile Include="zGame.c">
      <Filter>Source Files</Filter>
    </ClCompile>
    <ClCompile Include="zMath.c">
      <Filter>Source Files</Filter>
    </ClCompile>
    <ClCompile Include="zDraw.c">
      <Filter>Source Files</Filter>
    </ClCompile>
    <ClCompile Include="header.cpp">
      <Filter>Source Files</Filter>
    </ClCompile>
    <ClCompile Include="tutorial.cpp">
      <Filter>Source Files</Filter>
    </ClCompile>
    <ClCompile Include="sfx.cpp">
      <Filter>Source Files</Filter>
    </ClCompile>
    <ClCompile Include="Static.cpp">
      <Filter>Source Files</Filter>
    </ClCompile>
    <ClCompile Include="teleporter.cpp">
      <Filter>Source Files</Filter>
    </ClCompile>
    <ClCompile Include="minotaur.cpp">
      <Filter>Source Files</Filter>
    </ClCompile>
    <ClCompile Include="little.cpp">
      <Filter>Source Files</Filter>
    </ClCompile>
    <ClCompile Include="NightBorne.cpp">
      <Filter>Source Files</Filter>
    </ClCompile>
    <ClCompile Include="Missle.cpp">
      <Filter>Source Files</Filter>
    </ClCompile>
    <ClCompile Include="WaterBall.cpp">
      <Filter>Source Files</Filter>
    </ClCompile>
    <ClCompile Include="skeleton.cpp">
      <Filter>Source Files</Filter>
    </ClCompile>
    <ClCompile Include="global.cpp">
      <Filter>Source Files</Filter>
    </ClCompile>
    <ClCompile Include="FireBall.cpp">
      <Filter>Source Files</Filter>
    </ClCompile>
    <ClCompile Include="IceLancet.cpp">
      <Filter>Source Files</Filter>
    </ClCompile>
  </ItemGroup>
  <ItemGroup>
    <ClInclude Include="game.h">
      <Filter>Header Files</Filter>
    </ClInclude>
    <ClInclude Include="menu.h">
      <Filter>Header Files</Filter>
    </ClInclude>
    <ClInclude Include="button.h">
      <Filter>Header Files</Filter>
    </ClInclude>
    <ClInclude Include="interface.h">
      <Filter>Header Files</Filter>
    </ClInclude>
    <ClInclude Include="utils.h">
      <Filter>Header Files</Filter>
    </ClInclude>
    <ClInclude Include="entity.h">
      <Filter>Header Files</Filter>
    </ClInclude>
    <ClInclude Include="collision.h">
      <Filter>Header Files</Filter>
    </ClInclude>
    <ClInclude Include="interact_obj.h">
      <Filter>Header Files</Filter>
    </ClInclude>
    <ClInclude Include="constant.h">
      <Filter>Header Files</Filter>
    </ClInclude>
    <ClInclude Include="skill.h">
      <Filter>Header Files</Filter>
    </ClInclude>
    <ClInclude Include="test.h">
      <Filter>Header Files</Filter>
    </ClInclude>
    <ClInclude Include="player.h">
      <Filter>Header Files</Filter>
    </ClInclude>
    <ClInclude Include="EntityManager.h">
      <Filter>Header Files</Filter>
    </ClInclude>
    <ClInclude Include="computer.h">
      <Filter>Header Files</Filter>
    </ClInclude>
    <ClInclude Include="math.h">
      <Filter>Header Files</Filter>
    </ClInclude>
    <ClInclude Include="label.h">
      <Filter>Header Files</Filter>
    </ClInclude>
    <ClInclude Include="FPScontroller.h">
      <Filter>Header Files</Filter>
    </ClInclude>
    <ClInclude Include="FPSparameter.h">
      <Filter>Header Files</Filter>
    </ClInclude>
    <ClInclude Include="statsBar.h">
      <Filter>Header Files</Filter>
    </ClInclude>
    <ClInclude Include="protocol.h">
      <Filter>Header Files</Filter>
    </ClInclude>
    <ClInclude Include="aniamted_obj.h">
      <Filter>Header Files</Filter>
    </ClInclude>
    <ClInclude Include="animated_button.h">
      <Filter>Header Files</Filter>
    </ClInclude>
    <ClInclude Include="MapManager.h">
      <Filter>Header Files</Filter>
    </ClInclude>
    <ClInclude Include="zGame.h">
      <Filter>Header Files</Filter>
    </ClInclude>
    <ClInclude Include="zMath.h">
      <Filter>Header Files</Filter>
    </ClInclude>
    <ClInclude Include="zDraw.h">
      <Filter>Header Files</Filter>
    </ClInclude>
    <ClInclude Include="header.h">
      <Filter>Header Files</Filter>
    </ClInclude>
    <ClInclude Include="tutorial.h">
      <Filter>Header Files</Filter>
    </ClInclude>
    <ClInclude Include="sfx.h">
      <Filter>Header Files</Filter>
    </ClInclude>
    <ClInclude Include="Static.h">
      <Filter>Header Files</Filter>
    </ClInclude>
    <ClInclude Include="teleporter.h">
      <Filter>Header Files</Filter>
    </ClInclude>
    <ClInclude Include="minotaur.h">
      <Filter>Header Files</Filter>
    </ClInclude>
    <ClInclude Include="little.h">
      <Filter>Header Files</Filter>
    </ClInclude>
    <ClInclude Include="NightBorne.h">
      <Filter>Header Files</Filter>
    </ClInclude>
    <ClInclude Include="Missle.h">
      <Filter>Header Files</Filter>
    </ClInclude>
    <ClInclude Include="WaterBall.h">
      <Filter>Header Files</Filter>
    </ClInclude>
    <ClInclude Include="skeleton.h">
      <Filter>Header Files</Filter>
    </ClInclude>
    <ClInclude Include="global.h">
      <Filter>Header Files</Filter>
    </ClInclude>
    <ClInclude Include="FireBall.h">
      <Filter>Header Files</Filter>
    </ClInclude>
    <ClInclude Include="IceLancet.h">
      <Filter>Header Files</Filter>
    </ClInclude>
  </ItemGroup>
  <ItemGroup>
    <None Include="packages.config" />
  </ItemGroup>
</Project>